
Microsoft Visual Studio Solution File, Format Version 12.00
# Visual Studio Version 17
VisualStudioVersion = 17.7.34031.279
MinimumVisualStudioVersion = 10.0.40219.1
Project("{FAE04EC0-301F-11D3-BF4B-00C04F79EFBC}") = "EnergyUI", "EnergyUI\EnergyUI.csproj", "{EEDA8617-3E27-407B-BA4F-BB8C492A8893}"
EndProject
Project("{FAE04EC0-301F-11D3-BF4B-00C04F79EFBC}") = "EnergyLogic", "EnergyLogic\EnergyLogic.csproj", "{D37A98FC-8AF0-4B52-A590-C9E1A159FAD5}"
EndProject
Global
	GlobalSection(SolutionConfigurationPlatforms) = preSolution
		Debug|Any CPU = Debug|Any CPU
		Release|Any CPU = Release|Any CPU
	EndGlobalSection
	GlobalSection(ProjectConfigurationPlatforms) = postSolution
		{EEDA8617-3E27-407B-BA4F-BB8C492A8893}.Debug|Any CPU.ActiveCfg = Debug|Any CPU
		{EEDA8617-3E27-407B-BA4F-BB8C492A8893}.Debug|Any CPU.Build.0 = Debug|Any CPU
		{EEDA8617-3E27-407B-BA4F-BB8C492A8893}.Release|Any CPU.ActiveCfg = Release|Any CPU
		{EEDA8617-3E27-407B-BA4F-BB8C492A8893}.Release|Any CPU.Build.0 = Release|Any CPU
		{D37A98FC-8AF0-4B52-A590-C9E1A159FAD5}.Debug|Any CPU.ActiveCfg = Debug|Any CPU
		{D37A98FC-8AF0-4B52-A590-C9E1A159FAD5}.Debug|Any CPU.Build.0 = Debug|Any CPU
		{D37A98FC-8AF0-4B52-A590-C9E1A159FAD5}.Release|Any CPU.ActiveCfg = Release|Any CPU
		{D37A98FC-8AF0-4B52-A590-C9E1A159FAD5}.Release|Any CPU.Build.0 = Release|Any CPU
	EndGlobalSection
	GlobalSection(SolutionProperties) = preSolution
		HideSolutionNode = FALSE
	EndGlobalSection
	GlobalSection(ExtensibilityGlobals) = postSolution
		SolutionGuid = {6FAE5DF0-8863-4698-9956-AEFB626AE247}
	EndGlobalSection
EndGlobal
